
Microsoft Visual Studio Solution File, Format Version 12.00
# Visual Studio Version 16
VisualStudioVersion = 16.0.30717.126
MinimumVisualStudioVersion = 10.0.40219.1
Project("{FAE04EC0-301F-11D3-BF4B-00C04F79EFBC}") = "Task_1.1", "Task_1.1.csproj", "{7026607D-E273-4AF4-ACE6-DDE7D5974281}"
EndProject
Project("{FAE04EC0-301F-11D3-BF4B-00C04F79EFBC}") = "Task_1.2", "Task_1.2\Task_1.2.csproj", "{A9CF4AED-EF33-4D2F-A931-174A3859A55C}"
EndProject
Project("{FAE04EC0-301F-11D3-BF4B-00C04F79EFBC}") = "Task_1.3", "Task_1.3\Task_1.3.csproj", "{BEF1DA8D-8EDD-4366-8CA1-B45699285115}"
EndProject
Project("{FAE04EC0-301F-11D3-BF4B-00C04F79EFBC}") = "Task_1.4", "Task_1.4\Task_1.4.csproj", "{F259F055-0431-4C5B-8600-8B1B61FCC3C3}"
EndProject
Project("{FAE04EC0-301F-11D3-BF4B-00C04F79EFBC}") = "Task_2.1", "Task_2.1\Task_2.1.csproj", "{7DC6B92F-B192-458A-86B3-D9C19C29E4C6}"
EndProject
Global
	GlobalSection(SolutionConfigurationPlatforms) = preSolution
		Debug|Any CPU = Debug|Any CPU
		Release|Any CPU = Release|Any CPU
	EndGlobalSection
	GlobalSection(ProjectConfigurationPlatforms) = postSolution
		{7026607D-E273-4AF4-ACE6-DDE7D5974281}.Debug|Any CPU.ActiveCfg = Debug|Any CPU
		{7026607D-E273-4AF4-ACE6-DDE7D5974281}.Debug|Any CPU.Build.0 = Debug|Any CPU
		{7026607D-E273-4AF4-ACE6-DDE7D5974281}.Release|Any CPU.ActiveCfg = Release|Any CPU
		{7026607D-E273-4AF4-ACE6-DDE7D5974281}.Release|Any CPU.Build.0 = Release|Any CPU
		{A9CF4AED-EF33-4D2F-A931-174A3859A55C}.Debug|Any CPU.ActiveCfg = Debug|Any CPU
		{A9CF4AED-EF33-4D2F-A931-174A3859A55C}.Debug|Any CPU.Build.0 = Debug|Any CPU
		{A9CF4AED-EF33-4D2F-A931-174A3859A55C}.Release|Any CPU.ActiveCfg = Release|Any CPU
		{A9CF4AED-EF33-4D2F-A931-174A3859A55C}.Release|Any CPU.Build.0 = Release|Any CPU
		{BEF1DA8D-8EDD-4366-8CA1-B45699285115}.Debug|Any CPU.ActiveCfg = Debug|Any CPU
		{BEF1DA8D-8EDD-4366-8CA1-B45699285115}.Debug|Any CPU.Build.0 = Debug|Any CPU
		{BEF1DA8D-8EDD-4366-8CA1-B45699285115}.Release|Any CPU.ActiveCfg = Release|Any CPU
		{BEF1DA8D-8EDD-4366-8CA1-B45699285115}.Release|Any CPU.Build.0 = Release|Any CPU
		{F259F055-0431-4C5B-8600-8B1B61FCC3C3}.Debug|Any CPU.ActiveCfg = Debug|Any CPU
		{F259F055-0431-4C5B-8600-8B1B61FCC3C3}.Debug|Any CPU.Build.0 = Debug|Any CPU
		{F259F055-0431-4C5B-8600-8B1B61FCC3C3}.Release|Any CPU.ActiveCfg = Release|Any CPU
		{F259F055-0431-4C5B-8600-8B1B61FCC3C3}.Release|Any CPU.Build.0 = Release|Any CPU
		{7DC6B92F-B192-458A-86B3-D9C19C29E4C6}.Debug|Any CPU.ActiveCfg = Debug|Any CPU
		{7DC6B92F-B192-458A-86B3-D9C19C29E4C6}.Debug|Any CPU.Build.0 = Debug|Any CPU
		{7DC6B92F-B192-458A-86B3-D9C19C29E4C6}.Release|Any CPU.ActiveCfg = Release|Any CPU
		{7DC6B92F-B192-458A-86B3-D9C19C29E4C6}.Release|Any CPU.Build.0 = Release|Any CPU
	EndGlobalSection
	GlobalSection(SolutionProperties) = preSolution
		HideSolutionNode = FALSE
	EndGlobalSection
	GlobalSection(ExtensibilityGlobals) = postSolution
		SolutionGuid = {893D6AC3-E541-4A15-8753-45AC7CFD44A8}
	EndGlobalSection
EndGlobal
